
Microsoft Visual Studio Solution File, Format Version 12.00
# Visual Studio 15
VisualStudioVersion = 15.0.28307.421
MinimumVisualStudioVersion = 10.0.40219.1
Project("{FAE04EC0-301F-11D3-BF4B-00C04F79EFBC}") = "Builder", "Builder\Builder.csproj", "{E8D818B6-288B-43FB-AC17-709591203CCC}"
EndProject
Project("{FAE04EC0-301F-11D3-BF4B-00C04F79EFBC}") = "BuilderTest", "BuilderTest\BuilderTest.csproj", "{A3410CC6-0EDB-4471-9BB4-0B28FBD74D5A}"
EndProject
Global
	GlobalSection(SolutionConfigurationPlatforms) = preSolution
		Debug|Any CPU = Debug|Any CPU
		Release|Any CPU = Release|Any CPU
	EndGlobalSection
	GlobalSection(ProjectConfigurationPlatforms) = postSolution
		{E8D818B6-288B-43FB-AC17-709591203CCC}.Debug|Any CPU.ActiveCfg = Debug|Any CPU
		{E8D818B6-288B-43FB-AC17-709591203CCC}.Debug|Any CPU.Build.0 = Debug|Any CPU
		{E8D818B6-288B-43FB-AC17-709591203CCC}.Release|Any CPU.ActiveCfg = Release|Any CPU
		{E8D818B6-288B-43FB-AC17-709591203CCC}.Release|Any CPU.Build.0 = Release|Any CPU
		{A3410CC6-0EDB-4471-9BB4-0B28FBD74D5A}.Debug|Any CPU.ActiveCfg = Debug|Any CPU
		{A3410CC6-0EDB-4471-9BB4-0B28FBD74D5A}.Debug|Any CPU.Build.0 = Debug|Any CPU
		{A3410CC6-0EDB-4471-9BB4-0B28FBD74D5A}.Release|Any CPU.ActiveCfg = Release|Any CPU
		{A3410CC6-0EDB-4471-9BB4-0B28FBD74D5A}.Release|Any CPU.Build.0 = Release|Any CPU
	EndGlobalSection
	GlobalSection(SolutionProperties) = preSolution
		HideSolutionNode = FALSE
	EndGlobalSection
	GlobalSection(ExtensibilityGlobals) = postSolution
		SolutionGuid = {7C64C579-6840-43A6-BFCB-61F0C1B2FD72}
	EndGlobalSection
EndGlobal
